
Microsoft Visual Studio Solution File, Format Version 12.00
# Visual Studio Version 17
VisualStudioVersion = 17.1.32407.343
MinimumVisualStudioVersion = 10.0.40219.1
Project("{9A19103F-16F7-4668-BE54-9A1E7A4F7556}") = "TracerLab", "TracerLab\TracerLab.csproj", "{AE063390-6036-4E89-98D2-C06B1565644F}"
EndProject
Project("{FAE04EC0-301F-11D3-BF4B-00C04F79EFBC}") = "Serialization", "Serialization\Serialization.csproj", "{E179F054-39BF-4FE8-8D47-E3356BFF4B15}"
EndProject
Global
	GlobalSection(SolutionConfigurationPlatforms) = preSolution
		Debug|Any CPU = Debug|Any CPU
		Release|Any CPU = Release|Any CPU
	EndGlobalSection
	GlobalSection(ProjectConfigurationPlatforms) = postSolution
		{AE063390-6036-4E89-98D2-C06B1565644F}.Debug|Any CPU.ActiveCfg = Debug|Any CPU
		{AE063390-6036-4E89-98D2-C06B1565644F}.Debug|Any CPU.Build.0 = Debug|Any CPU
		{AE063390-6036-4E89-98D2-C06B1565644F}.Release|Any CPU.ActiveCfg = Release|Any CPU
		{AE063390-6036-4E89-98D2-C06B1565644F}.Release|Any CPU.Build.0 = Release|Any CPU
		{E179F054-39BF-4FE8-8D47-E3356BFF4B15}.Debug|Any CPU.ActiveCfg = Debug|Any CPU
		{E179F054-39BF-4FE8-8D47-E3356BFF4B15}.Debug|Any CPU.Build.0 = Debug|Any CPU
		{E179F054-39BF-4FE8-8D47-E3356BFF4B15}.Release|Any CPU.ActiveCfg = Release|Any CPU
		{E179F054-39BF-4FE8-8D47-E3356BFF4B15}.Release|Any CPU.Build.0 = Release|Any CPU
	EndGlobalSection
	GlobalSection(SolutionProperties) = preSolution
		HideSolutionNode = FALSE
	EndGlobalSection
	GlobalSection(ExtensibilityGlobals) = postSolution
		SolutionGuid = {51F29AF0-53BA-4E46-81C5-A575CC877E64}
	EndGlobalSection
EndGlobal
