
Microsoft Visual Studio Solution File, Format Version 12.00
# Visual Studio Version 17
VisualStudioVersion = 17.3.32825.248
MinimumVisualStudioVersion = 10.0.40219.1
Project("{9A19103F-16F7-4668-BE54-9A1E7A4F7556}") = "DirectoryScanner", "MyScannerLibrary\DirectoryScanner.csproj", "{323E6568-964A-4D63-B2D7-677EE5E3AD36}"
EndProject
Project("{9A19103F-16F7-4668-BE54-9A1E7A4F7556}") = "ScannerClient", "ScannerClient\ScannerClient.csproj", "{C80B0A90-C927-4E87-99EB-E02B8F005D5B}"
EndProject
Project("{9A19103F-16F7-4668-BE54-9A1E7A4F7556}") = "Scanner.Tests", "Scanner.Tests\Scanner.Tests.csproj", "{5CCCFA00-786D-45C1-9E61-BF8FA56FF027}"
EndProject
Global
	GlobalSection(SolutionConfigurationPlatforms) = preSolution
		Debug|Any CPU = Debug|Any CPU
		Release|Any CPU = Release|Any CPU
	EndGlobalSection
	GlobalSection(ProjectConfigurationPlatforms) = postSolution
		{323E6568-964A-4D63-B2D7-677EE5E3AD36}.Debug|Any CPU.ActiveCfg = Debug|Any CPU
		{323E6568-964A-4D63-B2D7-677EE5E3AD36}.Debug|Any CPU.Build.0 = Debug|Any CPU
		{323E6568-964A-4D63-B2D7-677EE5E3AD36}.Release|Any CPU.ActiveCfg = Release|Any CPU
		{323E6568-964A-4D63-B2D7-677EE5E3AD36}.Release|Any CPU.Build.0 = Release|Any CPU
		{C80B0A90-C927-4E87-99EB-E02B8F005D5B}.Debug|Any CPU.ActiveCfg = Debug|Any CPU
		{C80B0A90-C927-4E87-99EB-E02B8F005D5B}.Debug|Any CPU.Build.0 = Debug|Any CPU
		{C80B0A90-C927-4E87-99EB-E02B8F005D5B}.Release|Any CPU.ActiveCfg = Release|Any CPU
		{C80B0A90-C927-4E87-99EB-E02B8F005D5B}.Release|Any CPU.Build.0 = Release|Any CPU
		{5CCCFA00-786D-45C1-9E61-BF8FA56FF027}.Debug|Any CPU.ActiveCfg = Debug|Any CPU
		{5CCCFA00-786D-45C1-9E61-BF8FA56FF027}.Debug|Any CPU.Build.0 = Debug|Any CPU
		{5CCCFA00-786D-45C1-9E61-BF8FA56FF027}.Release|Any CPU.ActiveCfg = Release|Any CPU
		{5CCCFA00-786D-45C1-9E61-BF8FA56FF027}.Release|Any CPU.Build.0 = Release|Any CPU
	EndGlobalSection
	GlobalSection(SolutionProperties) = preSolution
		HideSolutionNode = FALSE
	EndGlobalSection
	GlobalSection(ExtensibilityGlobals) = postSolution
		SolutionGuid = {A252260E-484A-4D04-88EA-B398EC4B11C7}
	EndGlobalSection
EndGlobal
